<Solution>
  <Folder Name="/Solution Items/">
    <File Path=".env" />
    <File Path="docker-compose.override.yml" />
    <File Path="docker-compose.yml" />
  </Folder>
  <Folder Name="/src/" />
  <Folder Name="/src/BuildingBlocks/" />
  <Folder Name="/src/BuildingBlocks/Contracts/">
    <Project Path="src/BuildingBlocks/Contracts/BuildingBlocks.Contracts.csproj" />
  </Folder>
  <Folder Name="/src/BuildingBlocks/EventBus/">
    <Project Path="src/BuildingBlocks/EventBus/BuildingBlocks.EventBus.csproj" />
  </Folder>
  <Folder Name="/src/BuildingBlocks/Observability/">
    <Project Path="src/BuildingBlocks/Observability/BuildingBlocks.Observability.csproj" />
  </Folder>
  <Folder Name="/src/BuildingBlocks/SharedKernel/">
    <Project Path="src/BuildingBlocks/SharedKernel/BuildingBlocks.SharedKernel.csproj" />
  </Folder>
  <Folder Name="/src/Services/" />
  <Folder Name="/src/Services/AgentOrchestrator/">
    <Project Path="src/Services/AgentOrchestrator/Services.AgentOrchestrator.csproj" />
  </Folder>
  <Folder Name="/src/Services/IncidentService/">
    <Project Path="src/Services/IncidentService/IncidentService.API/IncidentService.API.csproj" Id="dcc8fdc3-ef8f-43b5-87b8-c4679c45d746" />
    <Project Path="src/Services/IncidentService/IncidentService.Application/IncidentService.Application.csproj" Id="7ca64d40-6e91-4c2b-b196-67a2ad5cbabd" />
    <Project Path="src/Services/IncidentService/IncidentService.Domain/IncidentService.Domain.csproj" Id="bb50762d-1931-44af-bbcc-c6a5f088f6d8" />
    <Project Path="src/Services/IncidentService/IncidentService.Infrastructure/IncidentService.Infrastructure.csproj" Id="ed1a8d24-4016-40ed-9c00-16994e939556" />
    <Project Path="src/Services/IncidentService/Services.IncidentService.csproj" />
  </Folder>
  <Folder Name="/src/Services/NotificationService/">
    <Project Path="src/Services/NotificationService/Services.NotificationService.csproj" />
  </Folder>
  <Folder Name="/src/Services/TelemetryIngestionService/">
    <Project Path="src/Services/TelemetryIngestionService/Services.TelemetryIngestionService.csproj" />
  </Folder>
  <Folder Name="/tests/" />
</Solution>
